#MicroXplorer Configuration settings - do not modify
Mcu.Family=STM32G4
ProjectManager.MainLocation=Core/Src
RCC.USART1Freq_Value=170000000
RCC.SAI1Freq_Value=170000000
RCC.CortexFreq_Value=170000000
ProjectManager.KeepUserCode=true
Mcu.UserName=STM32G474RETx
PB2.GPIO_Speed=GPIO_SPEED_FREQ_HIGH
ProjectManager.functionlistsort=1-MX_GPIO_Init-GPIO-false-HAL-true,2-SystemClock_Config-RCC-false-HAL-false
PB0.GPIO_Label=LED0
PB6.GPIO_Label=LED6
RCC.USART2Freq_Value=170000000
PinOutPanel.RotationAngle=0
PB3.GPIO_Speed=GPIO_SPEED_FREQ_HIGH
RCC.MCO1PinFreq_Value=16000000
RCC.SYSCLKSource=RCC_SYSCLKSOURCE_PLLCLK
ProjectManager.StackSize=0x400
PB5.GPIOParameters=GPIO_Speed,PinState,GPIO_PuPd,GPIO_Label,GPIO_ModeDefaultOutputPP
RCC.I2C3Freq_Value=170000000
RCC.LPTIM1Freq_Value=170000000
RCC.FCLKCortexFreq_Value=170000000
NVIC.SVCall_IRQn=true\:0\:0\:false\:false\:true\:false\:false
Mcu.IP2=SYS
PB4.GPIOParameters=GPIO_Speed,PinState,GPIO_PuPd,GPIO_Label,GPIO_ModeDefaultOutputPP
Mcu.IP0=NVIC
Mcu.IP1=RCC
Mcu.UserConstants=
PB0.PinState=GPIO_PIN_SET
PB3.PinState=GPIO_PIN_SET
Mcu.ThirdPartyNb=0
PB1.GPIO_PuPd=GPIO_PULLUP
RCC.HCLKFreq_Value=170000000
RCC.I2C4Freq_Value=170000000
Mcu.IPNb=3
ProjectManager.PreviousToolchain=
RCC.APB2TimFreq_Value=170000000
PB6.Signal=GPIO_Output
PB5.PinState=GPIO_PIN_SET
Mcu.Pin6=PA14
Mcu.Pin7=PB3
Mcu.Pin8=PB4
Mcu.Pin9=PB5
RCC.AHBFreq_Value=170000000
Mcu.Pin0=PF0-OSC_IN
Mcu.Pin1=PF1-OSC_OUT
GPIO.groupedBy=Group By Peripherals
Mcu.Pin2=PB0
Mcu.Pin3=PB1
RCC.USART3Freq_Value=170000000
Mcu.Pin4=PB2
Mcu.Pin5=PA13
ProjectManager.ProjectBuild=false
RCC.HSE_VALUE=24000000
NVIC.UsageFault_IRQn=true\:0\:0\:false\:false\:true\:false\:false
NVIC.DebugMonitor_IRQn=true\:0\:0\:false\:false\:true\:false\:false
PB2.Signal=GPIO_Output
RCC.ADC12Freq_Value=170000000
NVIC.SysTick_IRQn=true\:0\:0\:false\:false\:true\:false\:true
ProjectManager.FirmwarePackage=STM32Cube FW_G4 V1.4.0
MxDb.Version=DB.6.0.21
PB0.GPIOParameters=GPIO_Speed,PinState,GPIO_PuPd,GPIO_Label,GPIO_ModeDefaultOutputPP
PB3.GPIO_PuPd=GPIO_PULLUP
ProjectManager.BackupPrevious=false
RCC.VCOInputFreq_Value=4000000
PB1.GPIO_Speed=GPIO_SPEED_FREQ_HIGH
PA14.Mode=Serial_Wire
PB1.GPIO_Label=LED1
File.Version=6
VP_SYS_VS_DBSignals.Mode=DisableDeadBatterySignals
PB3.GPIOParameters=GPIO_Speed,PinState,GPIO_PuPd,GPIO_Label,GPIO_ModeDefaultOutputPP
PB7.Signal=GPIO_Output
RCC.PLLRCLKFreq_Value=170000000
PB6.Locked=true
NVIC.PendSV_IRQn=true\:0\:0\:false\:false\:true\:false\:false
PB6.GPIOParameters=GPIO_Speed,PinState,GPIO_PuPd,GPIO_Label,GPIO_ModeDefaultOutputPP
ProjectManager.HalAssertFull=false
PB2.GPIO_PuPd=GPIO_PULLUP
PB0.Locked=true
ProjectManager.ProjectName=ex_led_ch2
RCC.CRSFreq_Value=48000000
PB7.PinState=GPIO_PIN_SET
PB1.PinState=GPIO_PIN_SET
PB7.GPIO_Label=LED7
Mcu.Package=LQFP64
PB1.Signal=GPIO_Output
ProjectManager.ToolChainLocation=
PB6.GPIO_ModeDefaultOutputPP=GPIO_MODE_OUTPUT_PP
RCC.LSI_VALUE=32000
VP_SYS_VS_Systick.Signal=SYS_VS_Systick
RCC.LSCOPinFreq_Value=32000
PB5.GPIO_Speed=GPIO_SPEED_FREQ_HIGH
PB5.GPIO_Label=LED5
RCC.PLLPoutputFreq_Value=170000000
RCC.APB1TimFreq_Value=170000000
NVIC.BusFault_IRQn=true\:0\:0\:false\:false\:true\:false\:false
RCC.LPUART1Freq_Value=170000000
PB0.GPIO_ModeDefaultOutputPP=GPIO_MODE_OUTPUT_PP
PF1-OSC_OUT.Mode=HSE-External-Oscillator
PB2.GPIO_ModeDefaultOutputPP=GPIO_MODE_OUTPUT_PP
PB4.PinState=GPIO_PIN_SET
ProjectManager.CustomerFirmwarePackage=
PF1-OSC_OUT.Signal=RCC_OSC_OUT
RCC.HSI48_VALUE=48000000
PB3.Locked=true
PB4.Signal=GPIO_Output
RCC.HRTIM1Freq_Value=170000000
PB4.GPIO_ModeDefaultOutputPP=GPIO_MODE_OUTPUT_PP
PB7.GPIO_Speed=GPIO_SPEED_FREQ_HIGH
PB3.GPIO_Label=LED3
PB7.GPIO_PuPd=GPIO_PULLUP
RCC.PLLSourceVirtual=RCC_PLLSOURCE_HSE
PB5.GPIO_ModeDefaultOutputPP=GPIO_MODE_OUTPUT_PP
RCC.I2SFreq_Value=170000000
RCC.PLLQoutputFreq_Value=170000000
ProjectManager.ProjectFileName=ex_led_ch2.ioc
Mcu.PinsNb=14
ProjectManager.NoMain=false
PB6.GPIO_PuPd=GPIO_PULLUP
RCC.EXTERNAL_CLOCK_VALUE=12288000
ProjectManager.DefaultFWLocation=true
ProjectManager.DeletePrevious=true
RCC.QSPIFreq_Value=170000000
RCC.FamilyName=M
PB0.GPIO_Speed=GPIO_SPEED_FREQ_HIGH
PA13.Signal=SYS_JTMS-SWDIO
ProjectManager.TargetToolchain=STM32CubeIDE
PB7.GPIOParameters=GPIO_Speed,PinState,GPIO_PuPd,GPIO_Label,GPIO_ModeDefaultOutputPP
PB2.GPIOParameters=GPIO_Speed,PinState,GPIO_PuPd,GPIO_Label,GPIO_ModeDefaultOutputPP
PB5.Locked=true
PB4.GPIO_PuPd=GPIO_PULLUP
ProjectManager.RegisterCallBack=
RCC.USBFreq_Value=170000000
RCC.LSE_VALUE=32768
PB1.Locked=true
PF0-OSC_IN.Mode=HSE-External-Oscillator
board=custom
RCC.VCOOutputFreq_Value=340000000
ProjectManager.LastFirmware=true
RCC.ADC345Freq_Value=170000000
PB4.GPIO_Speed=GPIO_SPEED_FREQ_HIGH
RCC.APB2Freq_Value=170000000
RCC.UART4Freq_Value=170000000
MxCube.Version=6.2.1
PB4.GPIO_Label=LED4
RCC.I2C1Freq_Value=170000000
PB7.GPIO_ModeDefaultOutputPP=GPIO_MODE_OUTPUT_PP
VP_SYS_VS_DBSignals.Signal=SYS_VS_DBSignals
RCC.FDCANFreq_Value=170000000
RCC.RNGFreq_Value=170000000
VP_SYS_VS_Systick.Mode=SysTick
NVIC.NonMaskableInt_IRQn=true\:0\:0\:false\:false\:true\:false\:false
RCC.UART5Freq_Value=170000000
PA13.Mode=Serial_Wire
ProjectManager.FreePins=false
RCC.IPParameters=ADC12Freq_Value,ADC345Freq_Value,AHBFreq_Value,APB1Freq_Value,APB1TimFreq_Value,APB2Freq_Value,APB2TimFreq_Value,CRSFreq_Value,CortexFreq_Value,EXTERNAL_CLOCK_VALUE,FCLKCortexFreq_Value,FDCANFreq_Value,FamilyName,HCLKFreq_Value,HRTIM1Freq_Value,HSE_VALUE,HSI48_VALUE,HSI_VALUE,I2C1Freq_Value,I2C2Freq_Value,I2C3Freq_Value,I2C4Freq_Value,I2SFreq_Value,LPTIM1Freq_Value,LPUART1Freq_Value,LSCOPinFreq_Value,LSE_VALUE,LSI_VALUE,MCO1PinFreq_Value,PLLM,PLLN,PLLPoutputFreq_Value,PLLQoutputFreq_Value,PLLRCLKFreq_Value,PLLSourceVirtual,PWRFreq_Value,QSPIFreq_Value,RNGFreq_Value,SAI1Freq_Value,SYSCLKFreq_VALUE,SYSCLKSource,UART4Freq_Value,UART5Freq_Value,USART1Freq_Value,USART2Freq_Value,USART3Freq_Value,USBFreq_Value,VCOInputFreq_Value,VCOOutputFreq_Value
ProjectManager.AskForMigrate=true
PB2.PinState=GPIO_PIN_SET
Mcu.Name=STM32G474R(B-C-E)Tx
ProjectManager.UnderRoot=true
PB2.Locked=true
ProjectManager.CoupleFile=false
PB4.Locked=true
PB3.Signal=GPIO_Output
RCC.SYSCLKFreq_VALUE=170000000
PB5.Signal=GPIO_Output
NVIC.ForceEnableDMAVector=true
KeepUserPlacement=false
PB5.GPIO_PuPd=GPIO_PULLUP
NVIC.MemoryManagement_IRQn=true\:0\:0\:false\:false\:true\:false\:false
ProjectManager.CompilerOptimize=6
PB6.PinState=GPIO_PIN_SET
PA14.Signal=SYS_JTCK-SWCLK
PB2.GPIO_Label=LED2
ProjectManager.HeapSize=0x200
NVIC.HardFault_IRQn=true\:0\:0\:false\:false\:true\:false\:false
Mcu.Pin13=VP_SYS_VS_DBSignals
ProjectManager.ComputerToolchain=false
RCC.HSI_VALUE=16000000
NVIC.PriorityGroup=NVIC_PRIORITYGROUP_4
Mcu.Pin11=PB7
Mcu.Pin12=VP_SYS_VS_Systick
RCC.PLLM=RCC_PLLM_DIV6
RCC.PLLN=85
Mcu.Pin10=PB6
PB7.Locked=true
RCC.PWRFreq_Value=170000000
PF0-OSC_IN.Signal=RCC_OSC_IN
PB1.GPIO_ModeDefaultOutputPP=GPIO_MODE_OUTPUT_PP
PB6.GPIO_Speed=GPIO_SPEED_FREQ_HIGH
RCC.I2C2Freq_Value=170000000
RCC.APB1Freq_Value=170000000
PB0.Signal=GPIO_Output
ProjectManager.DeviceId=STM32G474RETx
ProjectManager.LibraryCopy=1
PB0.GPIO_PuPd=GPIO_PULLUP
PB3.GPIO_ModeDefaultOutputPP=GPIO_MODE_OUTPUT_PP
PB1.GPIOParameters=GPIO_Speed,PinState,GPIO_PuPd,GPIO_Label,GPIO_ModeDefaultOutputPP
isbadioc=false
